{
  "version": "4",
  "specifiers": {
    "npm:base-x@4": "4.0.0",
    "npm:browserify-bignum@^1.3.0-2": "1.3.0-2",
    "npm:buffer@^6.0.3": "6.0.3",
    "npm:bundle@^2.1.0": "2.1.0",
    "npm:cbor-js@0.1": "0.1.0",
    "npm:crc@^4.3.2": "4.3.2_buffer@6.0.3",
    "npm:js-sha512@0.9": "0.9.0",
    "npm:jssha@^3.3.1": "3.3.1",
    "npm:lodash.isequal@^4.5.0": "4.5.0"
  },
  "npm": {
    "base-x@4.0.0": {
      "integrity": "sha512-FuwxlW4H5kh37X/oW59pwTzzTKRzfrrQwhmyspRM7swOEZcHtDZSCt45U6oKgtuFE+WYPblePMVIPR4RZrh/hw=="
    },
    "base64-js@1.5.1": {
      "integrity": "sha512-AKpaYlHn8t4SVbOHCy+b5+KKgvR4vrsD8vbvrbiQJps7fKDTkjkDry6ji0rUJjC0kzbNePLwzxq8iypo41qeWA=="
    },
    "browserify-bignum@1.3.0-2": {
      "integrity": "sha512-PwVvKC3WIV7ENfsG6VAIDq4R5st6kQt+Fod3WL5l7+MRONClo3J6xGQvRJHHM/ScwcNCH3GfYX5UOCuoNN/rLw=="
    },
    "buffer@6.0.3": {
      "integrity": "sha512-FTiCpNxtwiZZHEZbcbTIcZjERVICn9yq/pDFkTl95/AxzD1naBctN7YO68riM/gLSDY7sdrMby8hofADYuuqOA==",
      "dependencies": [
        "base64-js",
        "ieee754"
      ]
    },
    "bundle@2.1.0": {
      "integrity": "sha512-d7TeT8m2HuymDjSEmMppWe/h5SSPPUZkaWKrAofx6gNXDdZ3FL/81oOTGPG+LIaZbNr9m4rtUi98Yw0Q1vHIIw=="
    },
    "cbor-js@0.1.0": {
      "integrity": "sha512-7sQ/TvDZPl7csT1Sif9G0+MA0I0JOVah8+wWlJVQdVEgIbCzlN/ab3x+uvMNsc34TUvO6osQTAmB2ls80JX6tw=="
    },
    "crc@4.3.2_buffer@6.0.3": {
      "integrity": "sha512-uGDHf4KLLh2zsHa8D8hIQ1H/HtFQhyHrc0uhHBcoKGol/Xnb+MPYfUMw7cvON6ze/GUESTudKayDcJC5HnJv1A==",
      "dependencies": [
        "buffer"
      ]
    },
    "ieee754@1.2.1": {
      "integrity": "sha512-dcyqhDvX1C46lXZcVqCpK+FtMRQVdIMN6/Df5js2zouUsqG7I6sFxitIC+7KYK29KdXOLHdu9zL4sFnoVQnqaA=="
    },
    "js-sha512@0.9.0": {
      "integrity": "sha512-mirki9WS/SUahm+1TbAPkqvbCiCfOAAsyXeHxK1UkullnJVVqoJG2pL9ObvT05CN+tM7fxhfYm0NbXn+1hWoZg=="
    },
    "jssha@3.3.1": {
      "integrity": "sha512-VCMZj12FCFMQYcFLPRm/0lOBbLi8uM2BhXPTqw3U4YAfs4AZfiApOoBLoN8cQE60Z50m1MYMTQVCfgF/KaCVhQ=="
    },
    "lodash.isequal@4.5.0": {
      "integrity": "sha512-pDo3lu8Jhfjqls6GkMgpahsF9kCyayhgykjyLMNFTKWrpVdAQtYyB4muAMWozBB4ig/dtWAmsMxLEI8wuz+DYQ=="
    }
  },
  "workspace": {
    "dependencies": [
      "npm:base-x@4",
      "npm:browserify-bignum@^1.3.0-2",
      "npm:buffer@^6.0.3",
      "npm:bundle@^2.1.0",
      "npm:cbor-js@0.1",
      "npm:crc@^4.3.2",
      "npm:js-sha512@0.9",
      "npm:jssha@^3.3.1",
      "npm:lodash.isequal@^4.5.0"
    ]
  }
}
